
Microsoft Visual Studio Solution File, Format Version 12.00
# Visual Studio 15
VisualStudioVersion = 15.0.28307.539
MinimumVisualStudioVersion = 10.0.40219.1
Project("{FAE04EC0-301F-11D3-BF4B-00C04F79EFBC}") = "DAB.aflevering2", "DAB.aflevering2\DAB.aflevering2.csproj", "{2327AB5C-FABF-4D4F-ACB4-5B0B5D463DC1}"
EndProject
Global
	GlobalSection(SolutionConfigurationPlatforms) = preSolution
		Debug|Any CPU = Debug|Any CPU
		Release|Any CPU = Release|Any CPU
	EndGlobalSection
	GlobalSection(ProjectConfigurationPlatforms) = postSolution
		{2327AB5C-FABF-4D4F-ACB4-5B0B5D463DC1}.Debug|Any CPU.ActiveCfg = Debug|Any CPU
		{2327AB5C-FABF-4D4F-ACB4-5B0B5D463DC1}.Debug|Any CPU.Build.0 = Debug|Any CPU
		{2327AB5C-FABF-4D4F-ACB4-5B0B5D463DC1}.Release|Any CPU.ActiveCfg = Release|Any CPU
		{2327AB5C-FABF-4D4F-ACB4-5B0B5D463DC1}.Release|Any CPU.Build.0 = Release|Any CPU
	EndGlobalSection
	GlobalSection(SolutionProperties) = preSolution
		HideSolutionNode = FALSE
	EndGlobalSection
	GlobalSection(ExtensibilityGlobals) = postSolution
		SolutionGuid = {82FCA913-B141-4805-8106-5322E0FB72F7}
	EndGlobalSection
EndGlobal
